
Microsoft Visual Studio Solution File, Format Version 12.00
# Visual Studio Version 17
VisualStudioVersion = 17.11.35222.181
MinimumVisualStudioVersion = 10.0.40219.1
Project("{FAE04EC0-301F-11D3-BF4B-00C04F79EFBC}") = "WebApplication2", "WebApplication2\WebApplication2.csproj", "{18172779-8A4A-4205-AFBE-EE836C101335}"
EndProject
Global
	GlobalSection(SolutionConfigurationPlatforms) = preSolution
		Debug|Any CPU = Debug|Any CPU
		Release|Any CPU = Release|Any CPU
	EndGlobalSection
	GlobalSection(ProjectConfigurationPlatforms) = postSolution
		{18172779-8A4A-4205-AFBE-EE836C101335}.Debug|Any CPU.ActiveCfg = Debug|Any CPU
		{18172779-8A4A-4205-AFBE-EE836C101335}.Debug|Any CPU.Build.0 = Debug|Any CPU
		{18172779-8A4A-4205-AFBE-EE836C101335}.Release|Any CPU.ActiveCfg = Release|Any CPU
		{18172779-8A4A-4205-AFBE-EE836C101335}.Release|Any CPU.Build.0 = Release|Any CPU
	EndGlobalSection
	GlobalSection(SolutionProperties) = preSolution
		HideSolutionNode = FALSE
	EndGlobalSection
	GlobalSection(ExtensibilityGlobals) = postSolution
		SolutionGuid = {4C44ED1F-CF52-4343-9E24-91224A202AD0}
	EndGlobalSection
EndGlobal
